
Microsoft Visual Studio Solution File, Format Version 12.00
# Visual Studio Version 17
VisualStudioVersion = 17.4.33110.190
MinimumVisualStudioVersion = 10.0.40219.1
Project("{9A19103F-16F7-4668-BE54-9A1E7A4F7556}") = "DemoMayBayCN", "DemoMayBayCN\DemoMayBayCN.csproj", "{8675F401-2EC7-4CDC-A10D-B8006A5DA9E9}"
EndProject
Project("{9A19103F-16F7-4668-BE54-9A1E7A4F7556}") = "Libs", "Libs\Libs.csproj", "{3618D722-1089-4E3D-B1A9-D2633D6ABE47}"
EndProject
Global
	GlobalSection(SolutionConfigurationPlatforms) = preSolution
		Debug|Any CPU = Debug|Any CPU
		Release|Any CPU = Release|Any CPU
	EndGlobalSection
	GlobalSection(ProjectConfigurationPlatforms) = postSolution
		{8675F401-2EC7-4CDC-A10D-B8006A5DA9E9}.Debug|Any CPU.ActiveCfg = Debug|Any CPU
		{8675F401-2EC7-4CDC-A10D-B8006A5DA9E9}.Debug|Any CPU.Build.0 = Debug|Any CPU
		{8675F401-2EC7-4CDC-A10D-B8006A5DA9E9}.Release|Any CPU.ActiveCfg = Release|Any CPU
		{8675F401-2EC7-4CDC-A10D-B8006A5DA9E9}.Release|Any CPU.Build.0 = Release|Any CPU
		{3618D722-1089-4E3D-B1A9-D2633D6ABE47}.Debug|Any CPU.ActiveCfg = Debug|Any CPU
		{3618D722-1089-4E3D-B1A9-D2633D6ABE47}.Debug|Any CPU.Build.0 = Debug|Any CPU
		{3618D722-1089-4E3D-B1A9-D2633D6ABE47}.Release|Any CPU.ActiveCfg = Release|Any CPU
		{3618D722-1089-4E3D-B1A9-D2633D6ABE47}.Release|Any CPU.Build.0 = Release|Any CPU
	EndGlobalSection
	GlobalSection(SolutionProperties) = preSolution
		HideSolutionNode = FALSE
	EndGlobalSection
	GlobalSection(ExtensibilityGlobals) = postSolution
		SolutionGuid = {72F1952C-F191-4A4C-9F88-A21C7D49065A}
	EndGlobalSection
EndGlobal
